
Microsoft Visual Studio Solution File, Format Version 12.00
# Visual Studio 2013
VisualStudioVersion = 12.0.21005.1
MinimumVisualStudioVersion = 10.0.40219.1
Project("{FAE04EC0-301F-11D3-BF4B-00C04F79EFBC}") = "1 RefactoringCode", "1 RefactoringCode\1 RefactoringCode.csproj", "{2A92524E-F2E9-4D64-9094-985575BF276D}"
EndProject
Project("{FAE04EC0-301F-11D3-BF4B-00C04F79EFBC}") = "2 RefactoringCode", "2 RefactoringCode\2 RefactoringCode.csproj", "{178A7953-2D90-4693-B8A8-D12CEB8FD0D4}"
EndProject
Global
	GlobalSection(SolutionConfigurationPlatforms) = preSolution
		Debug|Any CPU = Debug|Any CPU
		Release|Any CPU = Release|Any CPU
	EndGlobalSection
	GlobalSection(ProjectConfigurationPlatforms) = postSolution
		{2A92524E-F2E9-4D64-9094-985575BF276D}.Debug|Any CPU.ActiveCfg = Debug|Any CPU
		{2A92524E-F2E9-4D64-9094-985575BF276D}.Debug|Any CPU.Build.0 = Debug|Any CPU
		{2A92524E-F2E9-4D64-9094-985575BF276D}.Release|Any CPU.ActiveCfg = Release|Any CPU
		{2A92524E-F2E9-4D64-9094-985575BF276D}.Release|Any CPU.Build.0 = Release|Any CPU
		{178A7953-2D90-4693-B8A8-D12CEB8FD0D4}.Debug|Any CPU.ActiveCfg = Debug|Any CPU
		{178A7953-2D90-4693-B8A8-D12CEB8FD0D4}.Debug|Any CPU.Build.0 = Debug|Any CPU
		{178A7953-2D90-4693-B8A8-D12CEB8FD0D4}.Release|Any CPU.ActiveCfg = Release|Any CPU
		{178A7953-2D90-4693-B8A8-D12CEB8FD0D4}.Release|Any CPU.Build.0 = Release|Any CPU
	EndGlobalSection
	GlobalSection(SolutionProperties) = preSolution
		HideSolutionNode = FALSE
	EndGlobalSection
EndGlobal
